
Microsoft Visual Studio Solution File, Format Version 12.00
# Visual Studio 15
VisualStudioVersion = 15.0.27428.2037
MinimumVisualStudioVersion = 10.0.40219.1
Project("{FAE04EC0-301F-11D3-BF4B-00C04F79EFBC}") = "WindowsFormsAppEdu", "WindowsFormsAppEdu\WindowsFormsAppEdu.csproj", "{373DF2B0-6029-456D-98D8-E87E0A878A74}"
EndProject
Global
	GlobalSection(SolutionConfigurationPlatforms) = preSolution
		Debug|Any CPU = Debug|Any CPU
		Release|Any CPU = Release|Any CPU
	EndGlobalSection
	GlobalSection(ProjectConfigurationPlatforms) = postSolution
		{373DF2B0-6029-456D-98D8-E87E0A878A74}.Debug|Any CPU.ActiveCfg = Debug|Any CPU
		{373DF2B0-6029-456D-98D8-E87E0A878A74}.Debug|Any CPU.Build.0 = Debug|Any CPU
		{373DF2B0-6029-456D-98D8-E87E0A878A74}.Release|Any CPU.ActiveCfg = Release|Any CPU
		{373DF2B0-6029-456D-98D8-E87E0A878A74}.Release|Any CPU.Build.0 = Release|Any CPU
	EndGlobalSection
	GlobalSection(SolutionProperties) = preSolution
		HideSolutionNode = FALSE
	EndGlobalSection
	GlobalSection(ExtensibilityGlobals) = postSolution
		SolutionGuid = {C773A059-8F11-4C75-918E-FD5F7BA6FAB3}
	EndGlobalSection
EndGlobal
